
Microsoft Visual Studio Solution File, Format Version 12.00
# Visual Studio Version 16
VisualStudioVersion = 16.0.30309.148
MinimumVisualStudioVersion = 10.0.40219.1
Project("{FAE04EC0-301F-11D3-BF4B-00C04F79EFBC}") = "PlanetsAndSpaceships", "PlanetsAndSpaceships.csproj", "{CAAD0805-01CB-47DD-9CC4-16BCB0933278}"
EndProject
Global
	GlobalSection(SolutionConfigurationPlatforms) = preSolution
		Debug|Any CPU = Debug|Any CPU
		Release|Any CPU = Release|Any CPU
	EndGlobalSection
	GlobalSection(ProjectConfigurationPlatforms) = postSolution
		{CAAD0805-01CB-47DD-9CC4-16BCB0933278}.Debug|Any CPU.ActiveCfg = Debug|Any CPU
		{CAAD0805-01CB-47DD-9CC4-16BCB0933278}.Debug|Any CPU.Build.0 = Debug|Any CPU
		{CAAD0805-01CB-47DD-9CC4-16BCB0933278}.Release|Any CPU.ActiveCfg = Release|Any CPU
		{CAAD0805-01CB-47DD-9CC4-16BCB0933278}.Release|Any CPU.Build.0 = Release|Any CPU
	EndGlobalSection
	GlobalSection(SolutionProperties) = preSolution
		HideSolutionNode = FALSE
	EndGlobalSection
	GlobalSection(ExtensibilityGlobals) = postSolution
		SolutionGuid = {44BFF47A-9D06-4949-A9CD-CF8D38034177}
	EndGlobalSection
EndGlobal
